
Microsoft Visual Studio Solution File, Format Version 12.00
# Visual Studio Version 16
VisualStudioVersion = 16.0.29418.71
MinimumVisualStudioVersion = 10.0.40219.1
Project("{9A19103F-16F7-4668-BE54-9A1E7A4F7556}") = "TicTacToeGame", "TicTacToeGame\TicTacToeGame.csproj", "{658E5488-B6CA-4C13-A351-A9E07E6D4E2F}"
EndProject
Global
	GlobalSection(SolutionConfigurationPlatforms) = preSolution
		Debug|Any CPU = Debug|Any CPU
		Release|Any CPU = Release|Any CPU
	EndGlobalSection
	GlobalSection(ProjectConfigurationPlatforms) = postSolution
		{658E5488-B6CA-4C13-A351-A9E07E6D4E2F}.Debug|Any CPU.ActiveCfg = Debug|Any CPU
		{658E5488-B6CA-4C13-A351-A9E07E6D4E2F}.Debug|Any CPU.Build.0 = Debug|Any CPU
		{658E5488-B6CA-4C13-A351-A9E07E6D4E2F}.Release|Any CPU.ActiveCfg = Release|Any CPU
		{658E5488-B6CA-4C13-A351-A9E07E6D4E2F}.Release|Any CPU.Build.0 = Release|Any CPU
	EndGlobalSection
	GlobalSection(SolutionProperties) = preSolution
		HideSolutionNode = FALSE
	EndGlobalSection
	GlobalSection(ExtensibilityGlobals) = postSolution
		SolutionGuid = {01CA6FCE-CD11-4278-88AC-102275602901}
	EndGlobalSection
EndGlobal
